// !$*UTF8*$!
{
	archiveVersion = 1;
	classes = {
	};
	objectVersion = 50;
	objects = {

/* Begin PBXBuildFile section */
		891363072409AE37000287A5 /* AppDelegate.swift in Sources */ = {isa = PBXBuildFile; fileRef = 891363062409AE37000287A5 /* AppDelegate.swift */; };
		891363092409AE37000287A5 /* SceneDelegate.swift in Sources */ = {isa = PBXBuildFile; fileRef = 891363082409AE37000287A5 /* SceneDelegate.swift */; };
		8913630B2409AE37000287A5 /* ViewController.swift in Sources */ = {isa = PBXBuildFile; fileRef = 8913630A2409AE37000287A5 /* ViewController.swift */; };
		8913630E2409AE37000287A5 /* Main.storyboard in Resources */ = {isa = PBXBuildFile; fileRef = 8913630C2409AE37000287A5 /* Main.storyboard */; };
		891363102409AE3A000287A5 /* Assets.xcassets in Resources */ = {isa = PBXBuildFile; fileRef = 8913630F2409AE3A000287A5 /* Assets.xcassets */; };
		891363132409AE3A000287A5 /* LaunchScreen.storyboard in Resources */ = {isa = PBXBuildFile; fileRef = 891363112409AE3A000287A5 /* LaunchScreen.storyboard */; };
		C71642FB050E69DE125665EA /* Pods_picpay_challenge.framework in Frameworks */ = {isa = PBXBuildFile; fileRef = 62F28EE168B78C6DB70B579C /* Pods_picpay_challenge.framework */; };
/* End PBXBuildFile section */

/* Begin PBXFileReference section */
		62F28EE168B78C6DB70B579C /* Pods_picpay_challenge.framework */ = {isa = PBXFileReference; explicitFileType = wrapper.framework; includeInIndex = 0; path = Pods_picpay_challenge.framework; sourceTree = BUILT_PRODUCTS_DIR; };
		891363032409AE37000287A5 /* picpay-challenge.app */ = {isa = PBXFileReference; explicitFileType = wrapper.application; includeInIndex = 0; path = "picpay-challenge.app"; sourceTree = BUILT_PRODUCTS_DIR; };
		891363062409AE37000287A5 /* AppDelegate.swift */ = {isa = PBXFileReference; lastKnownFileType = sourcecode.swift; path = AppDelegate.swift; sourceTree = "<group>"; };
		891363082409AE37000287A5 /* SceneDelegate.swift */ = {isa = PBXFileReference; lastKnownFileType = sourcecode.swift; path = SceneDelegate.swift; sourceTree = "<group>"; };
		8913630A2409AE37000287A5 /* ViewController.swift */ = {isa = PBXFileReference; lastKnownFileType = sourcecode.swift; path = ViewController.swift; sourceTree = "<group>"; };
		8913630D2409AE37000287A5 /* Base */ = {isa = PBXFileReference; lastKnownFileType = file.storyboard; name = Base; path = Base.lproj/Main.storyboard; sourceTree = "<group>"; };
		8913630F2409AE3A000287A5 /* Assets.xcassets */ = {isa = PBXFileReference; lastKnownFileType = folder.assetcatalog; path = Assets.xcassets; sourceTree = "<group>"; };
		891363122409AE3A000287A5 /* Base */ = {isa = PBXFileReference; lastKnownFileType = file.storyboard; name = Base; path = Base.lproj/LaunchScreen.storyboard; sourceTree = "<group>"; };
		891363142409AE3A000287A5 /* Info.plist */ = {isa = PBXFileReference; lastKnownFileType = text.plist.xml; path = Info.plist; sourceTree = "<group>"; };
		B7358281CF1BA4D0E0E34FBF /* Pods-picpay-challenge.debug.xcconfig */ = {isa = PBXFileReference; includeInIndex = 1; lastKnownFileType = text.xcconfig; name = "Pods-picpay-challenge.debug.xcconfig"; path = "Target Support Files/Pods-picpay-challenge/Pods-picpay-challenge.debug.xcconfig"; sourceTree = "<group>"; };
		C66092342CF920922D0CBCA0 /* Pods-picpay-challenge.release.xcconfig */ = {isa = PBXFileReference; includeInIndex = 1; lastKnownFileType = text.xcconfig; name = "Pods-picpay-challenge.release.xcconfig"; path = "Target Support Files/Pods-picpay-challenge/Pods-picpay-challenge.release.xcconfig"; sourceTree = "<group>"; };
/* End PBXFileReference section */

/* Begin PBXFrameworksBuildPhase section */
		891363002409AE37000287A5 /* Frameworks */ = {
			isa = PBXFrameworksBuildPhase;
			buildActionMask = 2147483647;
			files = (
				C71642FB050E69DE125665EA /* Pods_picpay_challenge.framework in Frameworks */,
			);
			runOnlyForDeploymentPostprocessing = 0;
		};
/* End PBXFrameworksBuildPhase section */

/* Begin PBXGroup section */
		083D0AC45C7DFDB1B216D959 /* Pods */ = {
			isa = PBXGroup;
			children = (
				B7358281CF1BA4D0E0E34FBF /* Pods-picpay-challenge.debug.xcconfig */,
				C66092342CF920922D0CBCA0 /* Pods-picpay-challenge.release.xcconfig */,
			);
			name = Pods;
			path = Pods;
			sourceTree = "<group>";
		};
		891362FA2409AE37000287A5 = {
			isa = PBXGroup;
			children = (
				891363052409AE37000287A5 /* picpay-challenge */,
				891363042409AE37000287A5 /* Products */,
				083D0AC45C7DFDB1B216D959 /* Pods */,
				E0219001A9642F4BD3164F98 /* Frameworks */,
			);
			sourceTree = "<group>";
		};
		891363042409AE37000287A5 /* Products */ = {
			isa = PBXGroup;
			children = (
				891363032409AE37000287A5 /* picpay-challenge.app */,
			);
			name = Products;
			sourceTree = "<group>";
		};
		891363052409AE37000287A5 /* picpay-challenge */ = {
			isa = PBXGroup;
			children = (
				891363062409AE37000287A5 /* AppDelegate.swift */,
				891363082409AE37000287A5 /* SceneDelegate.swift */,
				8913630A2409AE37000287A5 /* ViewController.swift */,
				8913630C2409AE37000287A5 /* Main.storyboard */,
				8913630F2409AE3A000287A5 /* Assets.xcassets */,
				891363112409AE3A000287A5 /* LaunchScreen.storyboard */,
				891363142409AE3A000287A5 /* Info.plist */,
			);
			path = "picpay-challenge";
			sourceTree = "<group>";
		};
		E0219001A9642F4BD3164F98 /* Frameworks */ = {
			isa = PBXGroup;
			children = (
				62F28EE168B78C6DB70B579C /* Pods_picpay_challenge.framework */,
			);
			name = Frameworks;
			sourceTree = "<group>";
		};
/* End PBXGroup section */

/* Begin PBXNativeTarget section */
		891363022409AE37000287A5 /* picpay-challenge */ = {
			isa = PBXNativeTarget;
			buildConfigurationList = 891363172409AE3A000287A5 /* Build configuration list for PBXNativeTarget "picpay-challenge" */;
			buildPhases = (
				82040B837253B4E1F1E6FB67 /* [CP] Check Pods Manifest.lock */,
				891362FF2409AE37000287A5 /* Sources */,
				891363002409AE37000287A5 /* Frameworks */,
				891363012409AE37000287A5 /* Resources */,
				D2AF3D4D59838BB7517FA6AE /* [CP] Embed Pods Frameworks */,
			);
			buildRules = (
			);
			dependencies = (
			);
			name = "picpay-challenge";
			productName = "picpay-challenge";
			productReference = 891363032409AE37000287A5 /* picpay-challenge.app */;
			productType = "com.apple.product-type.application";
		};
/* End PBXNativeTarget section */

/* Begin PBXProject section */
		891362FB2409AE37000287A5 /* Project object */ = {
			isa = PBXProject;
			attributes = {
				LastSwiftUpdateCheck = 1130;
				LastUpgradeCheck = 1130;
				ORGANIZATIONNAME = GabrielGaspar;
				TargetAttributes = {
					891363022409AE37000287A5 = {
						CreatedOnToolsVersion = 11.3.1;
					};
				};
			};
			buildConfigurationList = 891362FE2409AE37000287A5 /* Build configuration list for PBXProject "picpay-challenge" */;
			compatibilityVersion = "Xcode 9.3";
			developmentRegion = en;
			hasScannedForEncodings = 0;
			knownRegions = (
				en,
				Base,
			);
			mainGroup = 891362FA2409AE37000287A5;
			productRefGroup = 891363042409AE37000287A5 /* Products */;
			projectDirPath = "";
			projectRoot = "";
			targets = (
				891363022409AE37000287A5 /* picpay-challenge */,
			);
		};
/* End PBXProject section */

/* Begin PBXResourcesBuildPhase section */
		891363012409AE37000287A5 /* Resources */ = {
			isa = PBXResourcesBuildPhase;
			buildActionMask = 2147483647;
			files = (
				891363132409AE3A000287A5 /* LaunchScreen.storyboard in Resources */,
				891363102409AE3A000287A5 /* Assets.xcassets in Resources */,
				8913630E2409AE37000287A5 /* Main.storyboard in Resources */,
			);
			runOnlyForDeploymentPostprocessing = 0;
		};
/* End PBXResourcesBuildPhase section */

/* Begin PBXShellScriptBuildPhase section */
		82040B837253B4E1F1E6FB67 /* [CP] Check Pods Manifest.lock */ = {
			isa = PBXShellScriptBuildPhase;
			buildActionMask = 2147483647;
			files = (
			);
			inputFileListPaths = (
			);
			inputPaths = (
				"${PODS_PODFILE_DIR_PATH}/Podfile.lock",
				"${PODS_ROOT}/Manifest.lock",
			);
			name = "[CP] Check Pods Manifest.lock";
			outputFileListPaths = (
			);
			outputPaths = (
				"$(DERIVED_FILE_DIR)/Pods-picpay-challenge-checkManifestLockResult.txt",
			);
			runOnlyForDeploymentPostprocessing = 0;
			shellPath = /bin/sh;
			shellScript = "diff \"${PODS_PODFILE_DIR_PATH}/Podfile.lock\" \"${PODS_ROOT}/Manifest.lock\" > /dev/null\nif [ $? != 0 ] ; then\n    # print error to STDERR\n    echo \"error: The sandbox is not in sync with the Podfile.lock. Run 'pod install' or update your CocoaPods installation.\" >&2\n    exit 1\nfi\n# This output is used by Xcode 'outputs' to avoid re-running this script phase.\necho \"SUCCESS\" > \"${SCRIPT_OUTPUT_FILE_0}\"\n";
			showEnvVarsInLog = 0;
		};
		D2AF3D4D59838BB7517FA6AE /* [CP] Embed Pods Frameworks */ = {
			isa = PBXShellScriptBuildPhase;
			buildActionMask = 2147483647;
			files = (
			);
			inputFileListPaths = (
				"${PODS_ROOT}/Target Support Files/Pods-picpay-challenge/Pods-picpay-challenge-frameworks-${CONFIGURATION}-input-files.xcfilelist",
			);
			name = "[CP] Embed Pods Frameworks";
			outputFileListPaths = (
				"${PODS_ROOT}/Target Support Files/Pods-picpay-challenge/Pods-picpay-challenge-frameworks-${CONFIGURATION}-output-files.xcfilelist",
			);
			runOnlyForDeploymentPostprocessing = 0;
			shellPath = /bin/sh;
			shellScript = "\"${PODS_ROOT}/Target Support Files/Pods-picpay-challenge/Pods-picpay-challenge-frameworks.sh\"\n";
			showEnvVarsInLog = 0;
		};
/* End PBXShellScriptBuildPhase section */

/* Begin PBXSourcesBuildPhase section */
		891362FF2409AE37000287A5 /* Sources */ = {
			isa = PBXSourcesBuildPhase;
			buildActionMask = 2147483647;
			files = (
				8913630B2409AE37000287A5 /* ViewController.swift in Sources */,
				891363072409AE37000287A5 /* AppDelegate.swift in Sources */,
				891363092409AE37000287A5 /* SceneDelegate.swift in Sources */,
			);
			runOnlyForDeploymentPostprocessing = 0;
		};
/* End PBXSourcesBuildPhase section */

/* Begin PBXVariantGroup section */
		8913630C2409AE37000287A5 /* Main.storyboard */ = {
			isa = PBXVariantGroup;
			children = (
				8913630D2409AE37000287A5 /* Base */,
			);
			name = Main.storyboard;
			sourceTree = "<group>";
		};
		891363112409AE3A000287A5 /* LaunchScreen.storyboard */ = {
			isa = PBXVariantGroup;
			children = (
				891363122409AE3A000287A5 /* Base */,
			);
			name = LaunchScreen.storyboard;
			sourceTree = "<group>";
		};
/* End PBXVariantGroup section */

/* Begin XCBuildConfiguration section */
		891363152409AE3A000287A5 /* Debug */ = {
			isa = XCBuildConfiguration;
			buildSettings = {
				ALWAYS_SEARCH_USER_PATHS = NO;
				CLANG_ANALYZER_NONNULL = YES;
				CLANG_ANALYZER_NUMBER_OBJECT_CONVERSION = YES_AGGRESSIVE;
				CLANG_CXX_LANGUAGE_STANDARD = "gnu++14";
				CLANG_CXX_LIBRARY = "libc++";
				CLANG_ENABLE_MODULES = YES;
				CLANG_ENABLE_OBJC_ARC = YES;
				CLANG_ENABLE_OBJC_WEAK = YES;
				CLANG_WARN_BLOCK_CAPTURE_AUTORELEASING = YES;
				CLANG_WARN_BOOL_CONVERSION = YES;
				CLANG_WARN_COMMA = YES;
				CLANG_WARN_CONSTANT_CONVERSION = YES;
				CLANG_WARN_DEPRECATED_OBJC_IMPLEMENTATIONS = YES;
				CLANG_WARN_DIRECT_OBJC_ISA_USAGE = YES_ERROR;
				CLANG_WARN_DOCUMENTATION_COMMENTS = YES;
				CLANG_WARN_EMPTY_BODY = YES;
				CLANG_WARN_ENUM_CONVERSION = YES;
				CLANG_WARN_INFINITE_RECURSION = YES;
				CLANG_WARN_INT_CONVERSION = YES;
				CLANG_WARN_NON_LITERAL_NULL_CONVERSION = YES;
				CLANG_WARN_OBJC_IMPLICIT_RETAIN_SELF = YES;
				CLANG_WARN_OBJC_LITERAL_CONVERSION = YES;
				CLANG_WARN_OBJC_ROOT_CLASS = YES_ERROR;
				CLANG_WARN_RANGE_LOOP_ANALYSIS = YES;
				CLANG_WARN_STRICT_PROTOTYPES = YES;
				CLANG_WARN_SUSPICIOUS_MOVE = YES;
				CLANG_WARN_UNGUARDED_AVAILABILITY = YES_AGGRESSIVE;
				CLANG_WARN_UNREACHABLE_CODE = YES;
				CLANG_WARN__DUPLICATE_METHOD_MATCH = YES;
				COPY_PHASE_STRIP = NO;
				DEBUG_INFORMATION_FORMAT = dwarf;
				ENABLE_STRICT_OBJC_MSGSEND = YES;
				ENABLE_TESTABILITY = YES;
				GCC_C_LANGUAGE_STANDARD = gnu11;
				GCC_DYNAMIC_NO_PIC = NO;
				GCC_NO_COMMON_BLOCKS = YES;
				GCC_OPTIMIZATION_LEVEL = 0;
				GCC_PREPROCESSOR_DEFINITIONS = (
					"DEBUG=1",
					"$(inherited)",
				);
				GCC_WARN_64_TO_32_BIT_CONVERSION = YES;
				GCC_WARN_ABOUT_RETURN_TYPE = YES_ERROR;
				GCC_WARN_UNDECLARED_SELECTOR = YES;
				GCC_WARN_UNINITIALIZED_AUTOS = YES_AGGRESSIVE;
				GCC_WARN_UNUSED_FUNCTION = YES;
				GCC_WARN_UNUSED_VARIABLE = YES;
				IPHONEOS_DEPLOYMENT_TARGET = 13.2;
				MTL_ENABLE_DEBUG_INFO = INCLUDE_SOURCE;
				MTL_FAST_MATH = YES;
				ONLY_ACTIVE_ARCH = YES;
				SDKROOT = iphoneos;
				SWIFT_ACTIVE_COMPILATION_CONDITIONS = DEBUG;
				SWIFT_OPTIMIZATION_LEVEL = "-Onone";
			};
			name = Debug;
		};
		891363162409AE3A000287A5 /* Release */ = {
			isa = XCBuildConfiguration;
			buildSettings = {
				ALWAYS_SEARCH_USER_PATHS = NO;
				CLANG_ANALYZER_NONNULL = YES;
				CLANG_ANALYZER_NUMBER_OBJECT_CONVERSION = YES_AGGRESSIVE;
				CLANG_CXX_LANGUAGE_STANDARD = "gnu++14";
				CLANG_CXX_LIBRARY = "libc++";
				CLANG_ENABLE_MODULES = YES;
				CLANG_ENABLE_OBJC_ARC = YES;
				CLANG_ENABLE_OBJC_WEAK = YES;
				CLANG_WARN_BLOCK_CAPTURE_AUTORELEASING = YES;
				CLANG_WARN_BOOL_CONVERSION = YES;
				CLANG_WARN_COMMA = YES;
				CLANG_WARN_CONSTANT_CONVERSION = YES;
				CLANG_WARN_DEPRECATED_OBJC_IMPLEMENTATIONS = YES;
				CLANG_WARN_DIRECT_OBJC_ISA_USAGE = YES_ERROR;
				CLANG_WARN_DOCUMENTATION_COMMENTS = YES;
				CLANG_WARN_EMPTY_BODY = YES;
				CLANG_WARN_ENUM_CONVERSION = YES;
				CLANG_WARN_INFINITE_RECURSION = YES;
				CLANG_WARN_INT_CONVERSION = YES;
				CLANG_WARN_NON_LITERAL_NULL_CONVERSION = YES;
				CLANG_WARN_OBJC_IMPLICIT_RETAIN_SELF = YES;
				CLANG_WARN_OBJC_LITERAL_CONVERSION = YES;
				CLANG_WARN_OBJC_ROOT_CLASS = YES_ERROR;
				CLANG_WARN_RANGE_LOOP_ANALYSIS = YES;
				CLANG_WARN_STRICT_PROTOTYPES = YES;
				CLANG_WARN_SUSPICIOUS_MOVE = YES;
				CLANG_WARN_UNGUARDED_AVAILABILITY = YES_AGGRESSIVE;
				CLANG_WARN_UNREACHABLE_CODE = YES;
				CLANG_WARN__DUPLICATE_METHOD_MATCH = YES;
				COPY_PHASE_STRIP = NO;
				DEBUG_INFORMATION_FORMAT = "dwarf-with-dsym";
				ENABLE_NS_ASSERTIONS = NO;
				ENABLE_STRICT_OBJC_MSGSEND = YES;
				GCC_C_LANGUAGE_STANDARD = gnu11;
				GCC_NO_COMMON_BLOCKS = YES;
				GCC_WARN_64_TO_32_BIT_CONVERSION = YES;
				GCC_WARN_ABOUT_RETURN_TYPE = YES_ERROR;
				GCC_WARN_UNDECLARED_SELECTOR = YES;
				GCC_WARN_UNINITIALIZED_AUTOS = YES_AGGRESSIVE;
				GCC_WARN_UNUSED_FUNCTION = YES;
				GCC_WARN_UNUSED_VARIABLE = YES;
				IPHONEOS_DEPLOYMENT_TARGET = 13.2;
				MTL_ENABLE_DEBUG_INFO = NO;
				MTL_FAST_MATH = YES;
				SDKROOT = iphoneos;
				SWIFT_COMPILATION_MODE = wholemodule;
				SWIFT_OPTIMIZATION_LEVEL = "-O";
				VALIDATE_PRODUCT = YES;
			};
			name = Release;
		};
		891363182409AE3A000287A5 /* Debug */ = {
			isa = XCBuildConfiguration;
			baseConfigurationReference = B7358281CF1BA4D0E0E34FBF /* Pods-picpay-challenge.debug.xcconfig */;
			buildSettings = {
				ASSETCATALOG_COMPILER_APPICON_NAME = AppIcon;
				CODE_SIGN_STYLE = Automatic;
				INFOPLIST_FILE = "picpay-challenge/Info.plist";
				LD_RUNPATH_SEARCH_PATHS = (
					"$(inherited)",
					"@executable_path/Frameworks",
				);
				PRODUCT_BUNDLE_IDENTIFIER = "gaspers.picpay-challenge";
				PRODUCT_NAME = "$(TARGET_NAME)";
				SWIFT_VERSION = 5.0;
				TARGETED_DEVICE_FAMILY = "1,2";
			};
			name = Debug;
		};
		891363192409AE3A000287A5 /* Release */ = {
			isa = XCBuildConfiguration;
			baseConfigurationReference = C66092342CF920922D0CBCA0 /* Pods-picpay-challenge.release.xcconfig */;
			buildSettings = {
				ASSETCATALOG_COMPILER_APPICON_NAME = AppIcon;
				CODE_SIGN_STYLE = Automatic;
				INFOPLIST_FILE = "picpay-challenge/Info.plist";
				LD_RUNPATH_SEARCH_PATHS = (
					"$(inherited)",
					"@executable_path/Frameworks",
				);
				PRODUCT_BUNDLE_IDENTIFIER = "gaspers.picpay-challenge";
				PRODUCT_NAME = "$(TARGET_NAME)";
				SWIFT_VERSION = 5.0;
				TARGETED_DEVICE_FAMILY = "1,2";
			};
			name = Release;
		};
/* End XCBuildConfiguration section */

/* Begin XCConfigurationList section */
		891362FE2409AE37000287A5 /* Build configuration list for PBXProject "picpay-challenge" */ = {
			isa = XCConfigurationList;
			buildConfigurations = (
				891363152409AE3A000287A5 /* Debug */,
				891363162409AE3A000287A5 /* Release */,
			);
			defaultConfigurationIsVisible = 0;
			defaultConfigurationName = Release;
		};
		891363172409AE3A000287A5 /* Build configuration list for PBXNativeTarget "picpay-challenge" */ = {
			isa = XCConfigurationList;
			buildConfigurations = (
				891363182409AE3A000287A5 /* Debug */,
				891363192409AE3A000287A5 /* Release */,
			);
			defaultConfigurationIsVisible = 0;
			defaultConfigurationName = Release;
		};
/* End XCConfigurationList section */
	};
	rootObject = 891362FB2409AE37000287A5 /* Project object */;
}
